
Microsoft Visual Studio Solution File, Format Version 12.00
# Visual Studio 2012
Project("{FAE04EC0-301F-11D3-BF4B-00C04F79EFBC}") = "XamarinPrismStarter", "XamarinPrismStarter\XamarinPrismStarter.csproj", "{4B1074DD-E8AE-4167-A0BE-647D0907E41E}"
EndProject
Project("{FAE04EC0-301F-11D3-BF4B-00C04F79EFBC}") = "XamarinPrismStarter.iOS", "iOS\XamarinPrismStarter.iOS.csproj", "{FF1FA8A0-A648-418A-BA67-0F0AA6CF16C6}"
EndProject
Project("{FAE04EC0-301F-11D3-BF4B-00C04F79EFBC}") = "XamarinPrismStarter.Droid", "Droid\XamarinPrismStarter.Droid.csproj", "{5DA71307-D0C1-42AE-8AE1-3D03F2ABD65F}"
EndProject
Global
	GlobalSection(SolutionConfigurationPlatforms) = preSolution
		Debug|Any CPU = Debug|Any CPU
		Release|Any CPU = Release|Any CPU
		Debug|iPhoneSimulator = Debug|iPhoneSimulator
		Release|iPhone = Release|iPhone
		Release|iPhoneSimulator = Release|iPhoneSimulator
		Debug|iPhone = Debug|iPhone
	EndGlobalSection
	GlobalSection(ProjectConfigurationPlatforms) = postSolution
		{4B1074DD-E8AE-4167-A0BE-647D0907E41E}.Debug|Any CPU.ActiveCfg = Debug|Any CPU
		{4B1074DD-E8AE-4167-A0BE-647D0907E41E}.Debug|Any CPU.Build.0 = Debug|Any CPU
		{4B1074DD-E8AE-4167-A0BE-647D0907E41E}.Release|Any CPU.ActiveCfg = Release|Any CPU
		{4B1074DD-E8AE-4167-A0BE-647D0907E41E}.Release|Any CPU.Build.0 = Release|Any CPU
		{4B1074DD-E8AE-4167-A0BE-647D0907E41E}.Debug|iPhoneSimulator.ActiveCfg = Debug|Any CPU
		{4B1074DD-E8AE-4167-A0BE-647D0907E41E}.Debug|iPhoneSimulator.Build.0 = Debug|Any CPU
		{4B1074DD-E8AE-4167-A0BE-647D0907E41E}.Release|iPhone.ActiveCfg = Release|Any CPU
		{4B1074DD-E8AE-4167-A0BE-647D0907E41E}.Release|iPhone.Build.0 = Release|Any CPU
		{4B1074DD-E8AE-4167-A0BE-647D0907E41E}.Release|iPhoneSimulator.ActiveCfg = Release|Any CPU
		{4B1074DD-E8AE-4167-A0BE-647D0907E41E}.Release|iPhoneSimulator.Build.0 = Release|Any CPU
		{4B1074DD-E8AE-4167-A0BE-647D0907E41E}.Debug|iPhone.ActiveCfg = Debug|Any CPU
		{4B1074DD-E8AE-4167-A0BE-647D0907E41E}.Debug|iPhone.Build.0 = Debug|Any CPU
		{FF1FA8A0-A648-418A-BA67-0F0AA6CF16C6}.Debug|Any CPU.ActiveCfg = Debug|iPhoneSimulator
		{FF1FA8A0-A648-418A-BA67-0F0AA6CF16C6}.Debug|Any CPU.Build.0 = Debug|iPhoneSimulator
		{FF1FA8A0-A648-418A-BA67-0F0AA6CF16C6}.Release|Any CPU.ActiveCfg = Release|iPhone
		{FF1FA8A0-A648-418A-BA67-0F0AA6CF16C6}.Release|Any CPU.Build.0 = Release|iPhone
		{FF1FA8A0-A648-418A-BA67-0F0AA6CF16C6}.Debug|iPhoneSimulator.ActiveCfg = Debug|iPhoneSimulator
		{FF1FA8A0-A648-418A-BA67-0F0AA6CF16C6}.Debug|iPhoneSimulator.Build.0 = Debug|iPhoneSimulator
		{FF1FA8A0-A648-418A-BA67-0F0AA6CF16C6}.Release|iPhone.ActiveCfg = Release|iPhone
		{FF1FA8A0-A648-418A-BA67-0F0AA6CF16C6}.Release|iPhone.Build.0 = Release|iPhone
		{FF1FA8A0-A648-418A-BA67-0F0AA6CF16C6}.Release|iPhoneSimulator.ActiveCfg = Release|iPhoneSimulator
		{FF1FA8A0-A648-418A-BA67-0F0AA6CF16C6}.Release|iPhoneSimulator.Build.0 = Release|iPhoneSimulator
		{FF1FA8A0-A648-418A-BA67-0F0AA6CF16C6}.Debug|iPhone.ActiveCfg = Debug|iPhone
		{FF1FA8A0-A648-418A-BA67-0F0AA6CF16C6}.Debug|iPhone.Build.0 = Debug|iPhone
		{5DA71307-D0C1-42AE-8AE1-3D03F2ABD65F}.Debug|Any CPU.ActiveCfg = Debug|Any CPU
		{5DA71307-D0C1-42AE-8AE1-3D03F2ABD65F}.Debug|Any CPU.Build.0 = Debug|Any CPU
		{5DA71307-D0C1-42AE-8AE1-3D03F2ABD65F}.Release|Any CPU.ActiveCfg = Release|Any CPU
		{5DA71307-D0C1-42AE-8AE1-3D03F2ABD65F}.Release|Any CPU.Build.0 = Release|Any CPU
		{5DA71307-D0C1-42AE-8AE1-3D03F2ABD65F}.Debug|iPhoneSimulator.ActiveCfg = Debug|Any CPU
		{5DA71307-D0C1-42AE-8AE1-3D03F2ABD65F}.Debug|iPhoneSimulator.Build.0 = Debug|Any CPU
		{5DA71307-D0C1-42AE-8AE1-3D03F2ABD65F}.Release|iPhone.ActiveCfg = Release|Any CPU
		{5DA71307-D0C1-42AE-8AE1-3D03F2ABD65F}.Release|iPhone.Build.0 = Release|Any CPU
		{5DA71307-D0C1-42AE-8AE1-3D03F2ABD65F}.Release|iPhoneSimulator.ActiveCfg = Release|Any CPU
		{5DA71307-D0C1-42AE-8AE1-3D03F2ABD65F}.Release|iPhoneSimulator.Build.0 = Release|Any CPU
		{5DA71307-D0C1-42AE-8AE1-3D03F2ABD65F}.Debug|iPhone.ActiveCfg = Debug|Any CPU
		{5DA71307-D0C1-42AE-8AE1-3D03F2ABD65F}.Debug|iPhone.Build.0 = Debug|Any CPU
	EndGlobalSection
EndGlobal
